{
  "name": "tinyskateshop",
  "lockfileVersion": 3,
  "requires": true,
  "packages": {
    "": {
      "dependencies": {
        "the-new-css-reset": "^1.11.1"
      }
    },
    "node_modules/the-new-css-reset": {
      "version": "1.11.1",
      "resolved": "https://registry.npmjs.org/the-new-css-reset/-/the-new-css-reset-1.11.1.tgz",
      "integrity": "sha512-AsNpvcX9YkVja3ZwVYjwULYOyelhse4Atnnple2wPwrKdf3tEBXECBPAoTN+tMSFiFbi00jyprt7F9vhHornMw=="
    }
  }
}
